<Solution>
  <Project Path="AttributesSamples.csproj" />
  <Project Path="EditorAttributes.csproj" />
  <Project Path="EditorAttributes.Editor.csproj" />
  <Project Path="Assembly-CSharp.csproj" />
  <Project Path="IngameDebugConsole.Runtime.csproj" />
  <Project Path="Assembly-CSharp-Editor.csproj" />
  <Project Path="IngameDebugConsole.Editor.csproj" />
</Solution>
